
Microsoft Visual Studio Solution File, Format Version 12.00
# Visual Studio Version 17
VisualStudioVersion = 17.1.31911.260
MinimumVisualStudioVersion = 10.0.40219.1
Project("{9A19103F-16F7-4668-BE54-9A1E7A4F7556}") = "NullLib.TickAnimation", "NullLib.TickAnimation\NullLib.TickAnimation.csproj", "{5F29B4D0-ED27-45EC-8403-637CB5E80058}"
EndProject
Project("{FAE04EC0-301F-11D3-BF4B-00C04F79EFBC}") = "TestForm", "TestForm\TestForm.csproj", "{7A75B4FC-3E47-4618-B76C-07FDB586E22D}"
EndProject
Project("{9A19103F-16F7-4668-BE54-9A1E7A4F7556}") = "TestConsole", "TestConsole\TestConsole.csproj", "{9621D9CB-7A33-43D5-BB7F-203B97E54306}"
EndProject
Project("{9A19103F-16F7-4668-BE54-9A1E7A4F7556}") = "NullLib.TickAnimation.Drawing", "NullLib.TickAnimation.Drawing\NullLib.TickAnimation.Drawing.csproj", "{84962BFC-33E1-4748-B8D9-D57E49314E46}"
EndProject
Project("{2150E333-8FDC-42A3-9474-1A3956D46DE8}") = "Solution Items", "Solution Items", "{9FAB57F3-DA46-4EBA-A97C-110F822FF61E}"
	ProjectSection(SolutionItems) = preProject
		LICENSE.txt = LICENSE.txt
		readme.md = readme.md
	EndProjectSection
EndProject
Project("{2150E333-8FDC-42A3-9474-1A3956D46DE8}") = "CPlusPlus", "CPlusPlus", "{29C65633-E9F5-44C6-84CA-12B8185671AE}"
EndProject
Project("{2150E333-8FDC-42A3-9474-1A3956D46DE8}") = "CSharp", "CSharp", "{E6F5F14C-CBD4-4B72-8F1B-F71F5A372A73}"
EndProject
Project("{8BC9CEB8-8B4A-11D0-8D11-00A0C91BC942}") = "NullLib.TickAnimation.CPlusPlus", "NullLib.TickAnimation.CPlusPlus\NullLib.TickAnimation.CPlusPlus.vcxproj", "{547BBBC9-1F5C-46E0-9D9D-0181A6A5A7FF}"
EndProject
Project("{9A19103F-16F7-4668-BE54-9A1E7A4F7556}") = "NullLib.TickAnimation.WinForm", "NullLib.TickAnimation.WinForm\NullLib.TickAnimation.WinForm.csproj", "{D6B06239-C99A-4999-9CE5-D0F87193AED4}"
EndProject
Global
	GlobalSection(SolutionConfigurationPlatforms) = preSolution
		Debug|Any CPU = Debug|Any CPU
		Debug|x64 = Debug|x64
		Debug|x86 = Debug|x86
		Release|Any CPU = Release|Any CPU
		Release|x64 = Release|x64
		Release|x86 = Release|x86
	EndGlobalSection
	GlobalSection(ProjectConfigurationPlatforms) = postSolution
		{5F29B4D0-ED27-45EC-8403-637CB5E80058}.Debug|Any CPU.ActiveCfg = Debug|Any CPU
		{5F29B4D0-ED27-45EC-8403-637CB5E80058}.Debug|Any CPU.Build.0 = Debug|Any CPU
		{5F29B4D0-ED27-45EC-8403-637CB5E80058}.Debug|x64.ActiveCfg = Debug|Any CPU
		{5F29B4D0-ED27-45EC-8403-637CB5E80058}.Debug|x64.Build.0 = Debug|Any CPU
		{5F29B4D0-ED27-45EC-8403-637CB5E80058}.Debug|x86.ActiveCfg = Debug|Any CPU
		{5F29B4D0-ED27-45EC-8403-637CB5E80058}.Debug|x86.Build.0 = Debug|Any CPU
		{5F29B4D0-ED27-45EC-8403-637CB5E80058}.Release|Any CPU.ActiveCfg = Release|Any CPU
		{5F29B4D0-ED27-45EC-8403-637CB5E80058}.Release|Any CPU.Build.0 = Release|Any CPU
		{5F29B4D0-ED27-45EC-8403-637CB5E80058}.Release|x64.ActiveCfg = Release|Any CPU
		{5F29B4D0-ED27-45EC-8403-637CB5E80058}.Release|x64.Build.0 = Release|Any CPU
		{5F29B4D0-ED27-45EC-8403-637CB5E80058}.Release|x86.ActiveCfg = Release|Any CPU
		{5F29B4D0-ED27-45EC-8403-637CB5E80058}.Release|x86.Build.0 = Release|Any CPU
		{7A75B4FC-3E47-4618-B76C-07FDB586E22D}.Debug|Any CPU.ActiveCfg = Debug|Any CPU
		{7A75B4FC-3E47-4618-B76C-07FDB586E22D}.Debug|Any CPU.Build.0 = Debug|Any CPU
		{7A75B4FC-3E47-4618-B76C-07FDB586E22D}.Debug|x64.ActiveCfg = Debug|Any CPU
		{7A75B4FC-3E47-4618-B76C-07FDB586E22D}.Debug|x64.Build.0 = Debug|Any CPU
		{7A75B4FC-3E47-4618-B76C-07FDB586E22D}.Debug|x86.ActiveCfg = Debug|Any CPU
		{7A75B4FC-3E47-4618-B76C-07FDB586E22D}.Debug|x86.Build.0 = Debug|Any CPU
		{7A75B4FC-3E47-4618-B76C-07FDB586E22D}.Release|Any CPU.ActiveCfg = Release|Any CPU
		{7A75B4FC-3E47-4618-B76C-07FDB586E22D}.Release|Any CPU.Build.0 = Release|Any CPU
		{7A75B4FC-3E47-4618-B76C-07FDB586E22D}.Release|x64.ActiveCfg = Release|Any CPU
		{7A75B4FC-3E47-4618-B76C-07FDB586E22D}.Release|x64.Build.0 = Release|Any CPU
		{7A75B4FC-3E47-4618-B76C-07FDB586E22D}.Release|x86.ActiveCfg = Release|Any CPU
		{7A75B4FC-3E47-4618-B76C-07FDB586E22D}.Release|x86.Build.0 = Release|Any CPU
		{9621D9CB-7A33-43D5-BB7F-203B97E54306}.Debug|Any CPU.ActiveCfg = Debug|Any CPU
		{9621D9CB-7A33-43D5-BB7F-203B97E54306}.Debug|Any CPU.Build.0 = Debug|Any CPU
		{9621D9CB-7A33-43D5-BB7F-203B97E54306}.Debug|x64.ActiveCfg = Debug|Any CPU
		{9621D9CB-7A33-43D5-BB7F-203B97E54306}.Debug|x64.Build.0 = Debug|Any CPU
		{9621D9CB-7A33-43D5-BB7F-203B97E54306}.Debug|x86.ActiveCfg = Debug|Any CPU
		{9621D9CB-7A33-43D5-BB7F-203B97E54306}.Debug|x86.Build.0 = Debug|Any CPU
		{9621D9CB-7A33-43D5-BB7F-203B97E54306}.Release|Any CPU.ActiveCfg = Release|Any CPU
		{9621D9CB-7A33-43D5-BB7F-203B97E54306}.Release|Any CPU.Build.0 = Release|Any CPU
		{9621D9CB-7A33-43D5-BB7F-203B97E54306}.Release|x64.ActiveCfg = Release|Any CPU
		{9621D9CB-7A33-43D5-BB7F-203B97E54306}.Release|x64.Build.0 = Release|Any CPU
		{9621D9CB-7A33-43D5-BB7F-203B97E54306}.Release|x86.ActiveCfg = Release|Any CPU
		{9621D9CB-7A33-43D5-BB7F-203B97E54306}.Release|x86.Build.0 = Release|Any CPU
		{84962BFC-33E1-4748-B8D9-D57E49314E46}.Debug|Any CPU.ActiveCfg = Debug|Any CPU
		{84962BFC-33E1-4748-B8D9-D57E49314E46}.Debug|Any CPU.Build.0 = Debug|Any CPU
		{84962BFC-33E1-4748-B8D9-D57E49314E46}.Debug|x64.ActiveCfg = Debug|Any CPU
		{84962BFC-33E1-4748-B8D9-D57E49314E46}.Debug|x64.Build.0 = Debug|Any CPU
		{84962BFC-33E1-4748-B8D9-D57E49314E46}.Debug|x86.ActiveCfg = Debug|Any CPU
		{84962BFC-33E1-4748-B8D9-D57E49314E46}.Debug|x86.Build.0 = Debug|Any CPU
		{84962BFC-33E1-4748-B8D9-D57E49314E46}.Release|Any CPU.ActiveCfg = Release|Any CPU
		{84962BFC-33E1-4748-B8D9-D57E49314E46}.Release|Any CPU.Build.0 = Release|Any CPU
		{84962BFC-33E1-4748-B8D9-D57E49314E46}.Release|x64.ActiveCfg = Release|Any CPU
		{84962BFC-33E1-4748-B8D9-D57E49314E46}.Release|x64.Build.0 = Release|Any CPU
		{84962BFC-33E1-4748-B8D9-D57E49314E46}.Release|x86.ActiveCfg = Release|Any CPU
		{84962BFC-33E1-4748-B8D9-D57E49314E46}.Release|x86.Build.0 = Release|Any CPU
		{547BBBC9-1F5C-46E0-9D9D-0181A6A5A7FF}.Debug|Any CPU.ActiveCfg = Debug|x64
		{547BBBC9-1F5C-46E0-9D9D-0181A6A5A7FF}.Debug|Any CPU.Build.0 = Debug|x64
		{547BBBC9-1F5C-46E0-9D9D-0181A6A5A7FF}.Debug|x64.ActiveCfg = Debug|x64
		{547BBBC9-1F5C-46E0-9D9D-0181A6A5A7FF}.Debug|x64.Build.0 = Debug|x64
		{547BBBC9-1F5C-46E0-9D9D-0181A6A5A7FF}.Debug|x86.ActiveCfg = Debug|Win32
		{547BBBC9-1F5C-46E0-9D9D-0181A6A5A7FF}.Debug|x86.Build.0 = Debug|Win32
		{547BBBC9-1F5C-46E0-9D9D-0181A6A5A7FF}.Release|Any CPU.ActiveCfg = Release|x64
		{547BBBC9-1F5C-46E0-9D9D-0181A6A5A7FF}.Release|Any CPU.Build.0 = Release|x64
		{547BBBC9-1F5C-46E0-9D9D-0181A6A5A7FF}.Release|x64.ActiveCfg = Release|x64
		{547BBBC9-1F5C-46E0-9D9D-0181A6A5A7FF}.Release|x64.Build.0 = Release|x64
		{547BBBC9-1F5C-46E0-9D9D-0181A6A5A7FF}.Release|x86.ActiveCfg = Release|Win32
		{547BBBC9-1F5C-46E0-9D9D-0181A6A5A7FF}.Release|x86.Build.0 = Release|Win32
		{D6B06239-C99A-4999-9CE5-D0F87193AED4}.Debug|Any CPU.ActiveCfg = Debug|Any CPU
		{D6B06239-C99A-4999-9CE5-D0F87193AED4}.Debug|Any CPU.Build.0 = Debug|Any CPU
		{D6B06239-C99A-4999-9CE5-D0F87193AED4}.Debug|x64.ActiveCfg = Debug|Any CPU
		{D6B06239-C99A-4999-9CE5-D0F87193AED4}.Debug|x64.Build.0 = Debug|Any CPU
		{D6B06239-C99A-4999-9CE5-D0F87193AED4}.Debug|x86.ActiveCfg = Debug|Any CPU
		{D6B06239-C99A-4999-9CE5-D0F87193AED4}.Debug|x86.Build.0 = Debug|Any CPU
		{D6B06239-C99A-4999-9CE5-D0F87193AED4}.Release|Any CPU.ActiveCfg = Release|Any CPU
		{D6B06239-C99A-4999-9CE5-D0F87193AED4}.Release|Any CPU.Build.0 = Release|Any CPU
		{D6B06239-C99A-4999-9CE5-D0F87193AED4}.Release|x64.ActiveCfg = Release|Any CPU
		{D6B06239-C99A-4999-9CE5-D0F87193AED4}.Release|x64.Build.0 = Release|Any CPU
		{D6B06239-C99A-4999-9CE5-D0F87193AED4}.Release|x86.ActiveCfg = Release|Any CPU
		{D6B06239-C99A-4999-9CE5-D0F87193AED4}.Release|x86.Build.0 = Release|Any CPU
	EndGlobalSection
	GlobalSection(SolutionProperties) = preSolution
		HideSolutionNode = FALSE
	EndGlobalSection
	GlobalSection(NestedProjects) = preSolution
		{5F29B4D0-ED27-45EC-8403-637CB5E80058} = {E6F5F14C-CBD4-4B72-8F1B-F71F5A372A73}
		{7A75B4FC-3E47-4618-B76C-07FDB586E22D} = {E6F5F14C-CBD4-4B72-8F1B-F71F5A372A73}
		{9621D9CB-7A33-43D5-BB7F-203B97E54306} = {E6F5F14C-CBD4-4B72-8F1B-F71F5A372A73}
		{84962BFC-33E1-4748-B8D9-D57E49314E46} = {E6F5F14C-CBD4-4B72-8F1B-F71F5A372A73}
		{547BBBC9-1F5C-46E0-9D9D-0181A6A5A7FF} = {29C65633-E9F5-44C6-84CA-12B8185671AE}
		{D6B06239-C99A-4999-9CE5-D0F87193AED4} = {E6F5F14C-CBD4-4B72-8F1B-F71F5A372A73}
	EndGlobalSection
	GlobalSection(ExtensibilityGlobals) = postSolution
		SolutionGuid = {68EE25DB-9E13-4B9F-A596-8E8B38261B67}
	EndGlobalSection
EndGlobal
