
Microsoft Visual Studio Solution File, Format Version 12.00
# Visual Studio Version 16
VisualStudioVersion = 16.0.31313.79
MinimumVisualStudioVersion = 10.0.40219.1
Project("{9A19103F-16F7-4668-BE54-9A1E7A4F7556}") = "NullLib.TickAnimation", "NullLib.TickAnimation\NullLib.TickAnimation.csproj", "{5F29B4D0-ED27-45EC-8403-637CB5E80058}"
EndProject
Project("{FAE04EC0-301F-11D3-BF4B-00C04F79EFBC}") = "TestForm", "TestForm\TestForm.csproj", "{7A75B4FC-3E47-4618-B76C-07FDB586E22D}"
EndProject
Project("{9A19103F-16F7-4668-BE54-9A1E7A4F7556}") = "TestConsole", "TestConsole\TestConsole.csproj", "{9621D9CB-7A33-43D5-BB7F-203B97E54306}"
EndProject
Project("{9A19103F-16F7-4668-BE54-9A1E7A4F7556}") = "NullLib.TickAnimation.Drawing", "NullLib.TickAnimation.Drawing\NullLib.TickAnimation.Drawing.csproj", "{84962BFC-33E1-4748-B8D9-D57E49314E46}"
EndProject
Project("{2150E333-8FDC-42A3-9474-1A3956D46DE8}") = "Solution Items", "Solution Items", "{9FAB57F3-DA46-4EBA-A97C-110F822FF61E}"
	ProjectSection(SolutionItems) = preProject
		LICENSE.txt = LICENSE.txt
		readme.md = readme.md
	EndProjectSection
EndProject
Global
	GlobalSection(SolutionConfigurationPlatforms) = preSolution
		Debug|Any CPU = Debug|Any CPU
		Release|Any CPU = Release|Any CPU
	EndGlobalSection
	GlobalSection(ProjectConfigurationPlatforms) = postSolution
		{5F29B4D0-ED27-45EC-8403-637CB5E80058}.Debug|Any CPU.ActiveCfg = Debug|Any CPU
		{5F29B4D0-ED27-45EC-8403-637CB5E80058}.Debug|Any CPU.Build.0 = Debug|Any CPU
		{5F29B4D0-ED27-45EC-8403-637CB5E80058}.Release|Any CPU.ActiveCfg = Release|Any CPU
		{5F29B4D0-ED27-45EC-8403-637CB5E80058}.Release|Any CPU.Build.0 = Release|Any CPU
		{7A75B4FC-3E47-4618-B76C-07FDB586E22D}.Debug|Any CPU.ActiveCfg = Debug|Any CPU
		{7A75B4FC-3E47-4618-B76C-07FDB586E22D}.Debug|Any CPU.Build.0 = Debug|Any CPU
		{7A75B4FC-3E47-4618-B76C-07FDB586E22D}.Release|Any CPU.ActiveCfg = Release|Any CPU
		{7A75B4FC-3E47-4618-B76C-07FDB586E22D}.Release|Any CPU.Build.0 = Release|Any CPU
		{9621D9CB-7A33-43D5-BB7F-203B97E54306}.Debug|Any CPU.ActiveCfg = Debug|Any CPU
		{9621D9CB-7A33-43D5-BB7F-203B97E54306}.Debug|Any CPU.Build.0 = Debug|Any CPU
		{9621D9CB-7A33-43D5-BB7F-203B97E54306}.Release|Any CPU.ActiveCfg = Release|Any CPU
		{9621D9CB-7A33-43D5-BB7F-203B97E54306}.Release|Any CPU.Build.0 = Release|Any CPU
		{84962BFC-33E1-4748-B8D9-D57E49314E46}.Debug|Any CPU.ActiveCfg = Debug|Any CPU
		{84962BFC-33E1-4748-B8D9-D57E49314E46}.Debug|Any CPU.Build.0 = Debug|Any CPU
		{84962BFC-33E1-4748-B8D9-D57E49314E46}.Release|Any CPU.ActiveCfg = Release|Any CPU
		{84962BFC-33E1-4748-B8D9-D57E49314E46}.Release|Any CPU.Build.0 = Release|Any CPU
	EndGlobalSection
	GlobalSection(SolutionProperties) = preSolution
		HideSolutionNode = FALSE
	EndGlobalSection
	GlobalSection(ExtensibilityGlobals) = postSolution
		SolutionGuid = {68EE25DB-9E13-4B9F-A596-8E8B38261B67}
	EndGlobalSection
EndGlobal
